Microsoft Visual Studio Solution File, Format Version 12.00
# Visual Studio Version 17
VisualStudioVersion = 17.5.2.0
MinimumVisualStudioVersion = 10.0.40219.1
Project("{FAE04EC0-301F-11D3-BF4B-00C04F79EFBC}") = "Inheritance", "Inheritance\Inheritance.csproj", "{635B7262-C5FA-7CC6-1A18-D61D1D53B063}"
EndProject
Global
	GlobalSection(SolutionConfigurationPlatforms) = preSolution
		Debug|Any CPU = Debug|Any CPU
		Release|Any CPU = Release|Any CPU
	EndGlobalSection
	GlobalSection(ProjectConfigurationPlatforms) = postSolution
		{635B7262-C5FA-7CC6-1A18-D61D1D53B063}.Debug|Any CPU.ActiveCfg = Debug|Any CPU
		{635B7262-C5FA-7CC6-1A18-D61D1D53B063}.Debug|Any CPU.Build.0 = Debug|Any CPU
		{635B7262-C5FA-7CC6-1A18-D61D1D53B063}.Release|Any CPU.ActiveCfg = Release|Any CPU
		{635B7262-C5FA-7CC6-1A18-D61D1D53B063}.Release|Any CPU.Build.0 = Release|Any CPU
	EndGlobalSection
	GlobalSection(SolutionProperties) = preSolution
		HideSolutionNode = FALSE
	EndGlobalSection
	GlobalSection(ExtensibilityGlobals) = postSolution
		SolutionGuid = {F2D24FA7-481E-4ED1-87DD-6F0E1F644790}
	EndGlobalSection
EndGlobal
